
Microsoft Visual Studio Solution File, Format Version 12.00
# Visual Studio Version 17
VisualStudioVersion = 17.3.32929.385
MinimumVisualStudioVersion = 10.0.40219.1
Project("{FAE04EC0-301F-11D3-BF4B-00C04F79EFBC}") = "GailSpecFlow", "GailSpecFlow.csproj", "{B2437C78-57F8-4737-8D1A-0FE5E1C9D07A}"
EndProject
Global
	GlobalSection(SolutionConfigurationPlatforms) = preSolution
		Debug|Any CPU = Debug|Any CPU
		Release|Any CPU = Release|Any CPU
	EndGlobalSection
	GlobalSection(ProjectConfigurationPlatforms) = postSolution
		{B2437C78-57F8-4737-8D1A-0FE5E1C9D07A}.Debug|Any CPU.ActiveCfg = Debug|Any CPU
		{B2437C78-57F8-4737-8D1A-0FE5E1C9D07A}.Debug|Any CPU.Build.0 = Debug|Any CPU
		{B2437C78-57F8-4737-8D1A-0FE5E1C9D07A}.Release|Any CPU.ActiveCfg = Release|Any CPU
		{B2437C78-57F8-4737-8D1A-0FE5E1C9D07A}.Release|Any CPU.Build.0 = Release|Any CPU
	EndGlobalSection
	GlobalSection(SolutionProperties) = preSolution
		HideSolutionNode = FALSE
	EndGlobalSection
	GlobalSection(ExtensibilityGlobals) = postSolution
		SolutionGuid = {829E4619-C2F0-40D7-A1E7-0BEF3162D0F1}
	EndGlobalSection
EndGlobal
